// !$*UTF8*$!
{
	archiveVersion = 1;
	classes = {
	};
	objectVersion = 46;
	objects = {

/* Begin PBXBuildFile section */
		33723B311F3D7C240002D775 /* main.m in Sources */ = {isa = PBXBuildFile; fileRef = 33723B301F3D7C240002D775 /* main.m */; };
		33723B341F3D7C240002D775 /* AppDelegate.m in Sources */ = {isa = PBXBuildFile; fileRef = 33723B331F3D7C240002D775 /* AppDelegate.m */; };
		33723B371F3D7C240002D775 /* ViewController.m in Sources */ = {isa = PBXBuildFile; fileRef = 33723B361F3D7C240002D775 /* ViewController.m */; };
		33723B3A1F3D7C240002D775 /* Main.storyboard in Resources */ = {isa = PBXBuildFile; fileRef = 33723B381F3D7C240002D775 /* Main.storyboard */; };
		33723B3C1F3D7C240002D775 /* Assets.xcassets in Resources */ = {isa = PBXBuildFile; fileRef = 33723B3B1F3D7C240002D775 /* Assets.xcassets */; };
		33723B3F1F3D7C240002D775 /* LaunchScreen.storyboard in Resources */ = {isa = PBXBuildFile; fileRef = 33723B3D1F3D7C240002D775 /* LaunchScreen.storyboard */; };
		33723B4A1F3D7C240002D775 /* HeadingTests.m in Sources */ = {isa = PBXBuildFile; fileRef = 33723B491F3D7C240002D775 /* HeadingTests.m */; };
		33723B551F3D7C240002D775 /* HeadingUITests.m in Sources */ = {isa = PBXBuildFile; fileRef = 33723B541F3D7C240002D775 /* HeadingUITests.m */; };
		3380510F1F4286F000393FFF /* radar.png in Resources */ = {isa = PBXBuildFile; fileRef = 3380510E1F4286F000393FFF /* radar.png */; };
		339F98BF1F4153F0002FEC75 /* compass.png in Resources */ = {isa = PBXBuildFile; fileRef = 339F98BE1F4153F0002FEC75 /* compass.png */; };
/* End PBXBuildFile section */

/* Begin PBXContainerItemProxy section */
		33723B461F3D7C240002D775 /* PBXContainerItemProxy */ = {
			isa = PBXContainerItemProxy;
			containerPortal = 33723B241F3D7C230002D775 /* Project object */;
			proxyType = 1;
			remoteGlobalIDString = 33723B2B1F3D7C240002D775;
			remoteInfo = Heading;
		};
		33723B511F3D7C240002D775 /* PBXContainerItemProxy */ = {
			isa = PBXContainerItemProxy;
			containerPortal = 33723B241F3D7C230002D775 /* Project object */;
			proxyType = 1;
			remoteGlobalIDString = 33723B2B1F3D7C240002D775;
			remoteInfo = Heading;
		};
/* End PBXContainerItemProxy section */

/* Begin PBXFileReference section */
		33723B2C1F3D7C240002D775 /* Heading.app */ = {isa = PBXFileReference; explicitFileType = wrapper.application; includeInIndex = 0; path = Heading.app; sourceTree = BUILT_PRODUCTS_DIR; };
		33723B301F3D7C240002D775 /* main.m */ = {isa = PBXFileReference; lastKnownFileType = sourcecode.c.objc; path = main.m; sourceTree = "<group>"; };
		33723B321F3D7C240002D775 /* AppDelegate.h */ = {isa = PBXFileReference; lastKnownFileType = sourcecode.c.h; path = AppDelegate.h; sourceTree = "<group>"; };
		33723B331F3D7C240002D775 /* AppDelegate.m */ = {isa = PBXFileReference; lastKnownFileType = sourcecode.c.objc; path = AppDelegate.m; sourceTree = "<group>"; };
		33723B351F3D7C240002D775 /* ViewController.h */ = {isa = PBXFileReference; lastKnownFileType = sourcecode.c.h; path = ViewController.h; sourceTree = "<group>"; };
		33723B361F3D7C240002D775 /* ViewController.m */ = {isa = PBXFileReference; lastKnownFileType = sourcecode.c.objc; path = ViewController.m; sourceTree = "<group>"; };
		33723B391F3D7C240002D775 /* Base */ = {isa = PBXFileReference; lastKnownFileType = file.storyboard; name = Base; path = Base.lproj/Main.storyboard; sourceTree = "<group>"; };
		33723B3B1F3D7C240002D775 /* Assets.xcassets */ = {isa = PBXFileReference; lastKnownFileType = folder.assetcatalog; path = Assets.xcassets; sourceTree = "<group>"; };
		33723B3E1F3D7C240002D775 /* Base */ = {isa = PBXFileReference; lastKnownFileType = file.storyboard; name = Base; path = Base.lproj/LaunchScreen.storyboard; sourceTree = "<group>"; };
		33723B401F3D7C240002D775 /* Info.plist */ = {isa = PBXFileReference; lastKnownFileType = text.plist.xml; path = Info.plist; sourceTree = "<group>"; };
		33723B451F3D7C240002D775 /* HeadingTests.xctest */ = {isa = PBXFileReference; explicitFileType = wrapper.cfbundle; includeInIndex = 0; path = HeadingTests.xctest; sourceTree = BUILT_PRODUCTS_DIR; };
		33723B491F3D7C240002D775 /* HeadingTests.m */ = {isa = PBXFileReference; lastKnownFileType = sourcecode.c.objc; path = HeadingTests.m; sourceTree = "<group>"; };
		33723B4B1F3D7C240002D775 /* Info.plist */ = {isa = PBXFileReference; lastKnownFileType = text.plist.xml; path = Info.plist; sourceTree = "<group>"; };
		33723B501F3D7C240002D775 /* HeadingUITests.xctest */ = {isa = PBXFileReference; explicitFileType = wrapper.cfbundle; includeInIndex = 0; path = HeadingUITests.xctest; sourceTree = BUILT_PRODUCTS_DIR; };
		33723B541F3D7C240002D775 /* HeadingUITests.m */ = {isa = PBXFileReference; lastKnownFileType = sourcecode.c.objc; path = HeadingUITests.m; sourceTree = "<group>"; };
		33723B561F3D7C240002D775 /* Info.plist */ = {isa = PBXFileReference; lastKnownFileType = text.plist.xml; path = Info.plist; sourceTree = "<group>"; };
		3380510E1F4286F000393FFF /* radar.png */ = {isa = PBXFileReference; lastKnownFileType = image.png; path = radar.png; sourceTree = "<group>"; };
		339F98BE1F4153F0002FEC75 /* compass.png */ = {isa = PBXFileReference; lastKnownFileType = image.png; path = compass.png; sourceTree = "<group>"; };
/* End PBXFileReference section */

/* Begin PBXFrameworksBuildPhase section */
		33723B291F3D7C240002D775 /* Frameworks */ = {
			isa = PBXFrameworksBuildPhase;
			buildActionMask = 2147483647;
			files = (
			);
			runOnlyForDeploymentPostprocessing = 0;
		};
		33723B421F3D7C240002D775 /* Frameworks */ = {
			isa = PBXFrameworksBuildPhase;
			buildActionMask = 2147483647;
			files = (
			);
			runOnlyForDeploymentPostprocessing = 0;
		};
		33723B4D1F3D7C240002D775 /* Frameworks */ = {
			isa = PBXFrameworksBuildPhase;
			buildActionMask = 2147483647;
			files = (
			);
			runOnlyForDeploymentPostprocessing = 0;
		};
/* End PBXFrameworksBuildPhase section */

/* Begin PBXGroup section */
		33723B231F3D7C230002D775 = {
			isa = PBXGroup;
			children = (
				33723B2E1F3D7C240002D775 /* Heading */,
				33723B481F3D7C240002D775 /* HeadingTests */,
				33723B531F3D7C240002D775 /* HeadingUITests */,
				33723B2D1F3D7C240002D775 /* Products */,
			);
			sourceTree = "<group>";
		};
		33723B2D1F3D7C240002D775 /* Products */ = {
			isa = PBXGroup;
			children = (
				33723B2C1F3D7C240002D775 /* Heading.app */,
				33723B451F3D7C240002D775 /* HeadingTests.xctest */,
				33723B501F3D7C240002D775 /* HeadingUITests.xctest */,
			);
			name = Products;
			sourceTree = "<group>";
		};
		33723B2E1F3D7C240002D775 /* Heading */ = {
			isa = PBXGroup;
			children = (
				3380510E1F4286F000393FFF /* radar.png */,
				339F98BE1F4153F0002FEC75 /* compass.png */,
				33723B321F3D7C240002D775 /* AppDelegate.h */,
				33723B331F3D7C240002D775 /* AppDelegate.m */,
				33723B351F3D7C240002D775 /* ViewController.h */,
				33723B361F3D7C240002D775 /* ViewController.m */,
				33723B381F3D7C240002D775 /* Main.storyboard */,
				33723B3B1F3D7C240002D775 /* Assets.xcassets */,
				33723B3D1F3D7C240002D775 /* LaunchScreen.storyboard */,
				33723B401F3D7C240002D775 /* Info.plist */,
				33723B2F1F3D7C240002D775 /* Supporting Files */,
			);
			path = Heading;
			sourceTree = "<group>";
		};
		33723B2F1F3D7C240002D775 /* Supporting Files */ = {
			isa = PBXGroup;
			children = (
				33723B301F3D7C240002D775 /* main.m */,
			);
			name = "Supporting Files";
			sourceTree = "<group>";
		};
		33723B481F3D7C240002D775 /* HeadingTests */ = {
			isa = PBXGroup;
			children = (
				33723B491F3D7C240002D775 /* HeadingTests.m */,
				33723B4B1F3D7C240002D775 /* Info.plist */,
			);
			path = HeadingTests;
			sourceTree = "<group>";
		};
		33723B531F3D7C240002D775 /* HeadingUITests */ = {
			isa = PBXGroup;
			children = (
				33723B541F3D7C240002D775 /* HeadingUITests.m */,
				33723B561F3D7C240002D775 /* Info.plist */,
			);
			path = HeadingUITests;
			sourceTree = "<group>";
		};
/* End PBXGroup section */

/* Begin PBXNativeTarget section */
		33723B2B1F3D7C240002D775 /* Heading */ = {
			isa = PBXNativeTarget;
			buildConfigurationList = 33723B591F3D7C240002D775 /* Build configuration list for PBXNativeTarget "Heading" */;
			buildPhases = (
				33723B281F3D7C240002D775 /* Sources */,
				33723B291F3D7C240002D775 /* Frameworks */,
				33723B2A1F3D7C240002D775 /* Resources */,
			);
			buildRules = (
			);
			dependencies = (
			);
			name = Heading;
			productName = Heading;
			productReference = 33723B2C1F3D7C240002D775 /* Heading.app */;
			productType = "com.apple.product-type.application";
		};
		33723B441F3D7C240002D775 /* HeadingTests */ = {
			isa = PBXNativeTarget;
			buildConfigurationList = 33723B5C1F3D7C240002D775 /* Build configuration list for PBXNativeTarget "HeadingTests" */;
			buildPhases = (
				33723B411F3D7C240002D775 /* Sources */,
				33723B421F3D7C240002D775 /* Frameworks */,
				33723B431F3D7C240002D775 /* Resources */,
			);
			buildRules = (
			);
			dependencies = (
				33723B471F3D7C240002D775 /* PBXTargetDependency */,
			);
			name = HeadingTests;
			productName = HeadingTests;
			productReference = 33723B451F3D7C240002D775 /* HeadingTests.xctest */;
			productType = "com.apple.product-type.bundle.unit-test";
		};
		33723B4F1F3D7C240002D775 /* HeadingUITests */ = {
			isa = PBXNativeTarget;
			buildConfigurationList = 33723B5F1F3D7C240002D775 /* Build configuration list for PBXNativeTarget "HeadingUITests" */;
			buildPhases = (
				33723B4C1F3D7C240002D775 /* Sources */,
				33723B4D1F3D7C240002D775 /* Frameworks */,
				33723B4E1F3D7C240002D775 /* Resources */,
			);
			buildRules = (
			);
			dependencies = (
				33723B521F3D7C240002D775 /* PBXTargetDependency */,
			);
			name = HeadingUITests;
			productName = HeadingUITests;
			productReference = 33723B501F3D7C240002D775 /* HeadingUITests.xctest */;
			productType = "com.apple.product-type.bundle.ui-testing";
		};
/* End PBXNativeTarget section */

/* Begin PBXProject section */
		33723B241F3D7C230002D775 /* Project object */ = {
			isa = PBXProject;
			attributes = {
				LastUpgradeCheck = 0830;
				ORGANIZATIONNAME = yike;
				TargetAttributes = {
					33723B2B1F3D7C240002D775 = {
						CreatedOnToolsVersion = 8.3.3;
						DevelopmentTeam = J897ARK84J;
						ProvisioningStyle = Automatic;
					};
					33723B441F3D7C240002D775 = {
						CreatedOnToolsVersion = 8.3.3;
						ProvisioningStyle = Automatic;
						TestTargetID = 33723B2B1F3D7C240002D775;
					};
					33723B4F1F3D7C240002D775 = {
						CreatedOnToolsVersion = 8.3.3;
						ProvisioningStyle = Automatic;
						TestTargetID = 33723B2B1F3D7C240002D775;
					};
				};
			};
			buildConfigurationList = 33723B271F3D7C230002D775 /* Build configuration list for PBXProject "Heading" */;
			compatibilityVersion = "Xcode 3.2";
			developmentRegion = English;
			hasScannedForEncodings = 0;
			knownRegions = (
				en,
				Base,
			);
			mainGroup = 33723B231F3D7C230002D775;
			productRefGroup = 33723B2D1F3D7C240002D775 /* Products */;
			projectDirPath = "";
			projectRoot = "";
			targets = (
				33723B2B1F3D7C240002D775 /* Heading */,
				33723B441F3D7C240002D775 /* HeadingTests */,
				33723B4F1F3D7C240002D775 /* HeadingUITests */,
			);
		};
/* End PBXProject section */

/* Begin PBXResourcesBuildPhase section */
		33723B2A1F3D7C240002D775 /* Resources */ = {
			isa = PBXResourcesBuildPhase;
			buildActionMask = 2147483647;
			files = (
				3380510F1F4286F000393FFF /* radar.png in Resources */,
				339F98BF1F4153F0002FEC75 /* compass.png in Resources */,
				33723B3F1F3D7C240002D775 /* LaunchScreen.storyboard in Resources */,
				33723B3C1F3D7C240002D775 /* Assets.xcassets in Resources */,
				33723B3A1F3D7C240002D775 /* Main.storyboard in Resources */,
			);
			runOnlyForDeploymentPostprocessing = 0;
		};
		33723B431F3D7C240002D775 /* Resources */ = {
			isa = PBXResourcesBuildPhase;
			buildActionMask = 2147483647;
			files = (
			);
			runOnlyForDeploymentPostprocessing = 0;
		};
		33723B4E1F3D7C240002D775 /* Resources */ = {
			isa = PBXResourcesBuildPhase;
			buildActionMask = 2147483647;
			files = (
			);
			runOnlyForDeploymentPostprocessing = 0;
		};
/* End PBXResourcesBuildPhase section */

/* Begin PBXSourcesBuildPhase section */
		33723B281F3D7C240002D775 /* Sources */ = {
			isa = PBXSourcesBuildPhase;
			buildActionMask = 2147483647;
			files = (
				33723B371F3D7C240002D775 /* ViewController.m in Sources */,
				33723B341F3D7C240002D775 /* AppDelegate.m in Sources */,
				33723B311F3D7C240002D775 /* main.m in Sources */,
			);
			runOnlyForDeploymentPostprocessing = 0;
		};
		33723B411F3D7C240002D775 /* Sources */ = {
			isa = PBXSourcesBuildPhase;
			buildActionMask = 2147483647;
			files = (
				33723B4A1F3D7C240002D775 /* HeadingTests.m in Sources */,
			);
			runOnlyForDeploymentPostprocessing = 0;
		};
		33723B4C1F3D7C240002D775 /* Sources */ = {
			isa = PBXSourcesBuildPhase;
			buildActionMask = 2147483647;
			files = (
				33723B551F3D7C240002D775 /* HeadingUITests.m in Sources */,
			);
			runOnlyForDeploymentPostprocessing = 0;
		};
/* End PBXSourcesBuildPhase section */

/* Begin PBXTargetDependency section */
		33723B471F3D7C240002D775 /* PBXTargetDependency */ = {
			isa = PBXTargetDependency;
			target = 33723B2B1F3D7C240002D775 /* Heading */;
			targetProxy = 33723B461F3D7C240002D775 /* PBXContainerItemProxy */;
		};
		33723B521F3D7C240002D775 /* PBXTargetDependency */ = {
			isa = PBXTargetDependency;
			target = 33723B2B1F3D7C240002D775 /* Heading */;
			targetProxy = 33723B511F3D7C240002D775 /* PBXContainerItemProxy */;
		};
/* End PBXTargetDependency section */

/* Begin PBXVariantGroup section */
		33723B381F3D7C240002D775 /* Main.storyboard */ = {
			isa = PBXVariantGroup;
			children = (
				33723B391F3D7C240002D775 /* Base */,
			);
			name = Main.storyboard;
			sourceTree = "<group>";
		};
		33723B3D1F3D7C240002D775 /* LaunchScreen.storyboard */ = {
			isa = PBXVariantGroup;
			children = (
				33723B3E1F3D7C240002D775 /* Base */,
			);
			name = LaunchScreen.storyboard;
			sourceTree = "<group>";
		};
/* End PBXVariantGroup section */

/* Begin XCBuildConfiguration section */
		33723B571F3D7C240002D775 /* Debug */ = {
			isa = XCBuildConfiguration;
			buildSettings = {
				ALWAYS_SEARCH_USER_PATHS = NO;
				CLANG_ANALYZER_NONNULL = YES;
				CLANG_ANALYZER_NUMBER_OBJECT_CONVERSION = YES_AGGRESSIVE;
				CLANG_CXX_LANGUAGE_STANDARD = "gnu++0x";
				CLANG_CXX_LIBRARY = "libc++";
				CLANG_ENABLE_MODULES = YES;
				CLANG_ENABLE_OBJC_ARC = YES;
				CLANG_WARN_BOOL_CONVERSION = YES;
				CLANG_WARN_CONSTANT_CONVERSION = YES;
				CLANG_WARN_DIRECT_OBJC_ISA_USAGE = YES_ERROR;
				CLANG_WARN_DOCUMENTATION_COMMENTS = YES;
				CLANG_WARN_EMPTY_BODY = YES;
				CLANG_WARN_ENUM_CONVERSION = YES;
				CLANG_WARN_INFINITE_RECURSION = YES;
				CLANG_WARN_INT_CONVERSION = YES;
				CLANG_WARN_OBJC_ROOT_CLASS = YES_ERROR;
				CLANG_WARN_SUSPICIOUS_MOVE = YES;
				CLANG_WARN_UNREACHABLE_CODE = YES;
				CLANG_WARN__DUPLICATE_METHOD_MATCH = YES;
				"CODE_SIGN_IDENTITY[sdk=iphoneos*]" = "iPhone Developer";
				COPY_PHASE_STRIP = NO;
				DEBUG_INFORMATION_FORMAT = dwarf;
				ENABLE_STRICT_OBJC_MSGSEND = YES;
				ENABLE_TESTABILITY = YES;
				GCC_C_LANGUAGE_STANDARD = gnu99;
				GCC_DYNAMIC_NO_PIC = NO;
				GCC_NO_COMMON_BLOCKS = YES;
				GCC_OPTIMIZATION_LEVEL = 0;
				GCC_PREPROCESSOR_DEFINITIONS = (
					"DEBUG=1",
					"$(inherited)",
				);
				GCC_WARN_64_TO_32_BIT_CONVERSION = YES;
				GCC_WARN_ABOUT_RETURN_TYPE = YES_ERROR;
				GCC_WARN_UNDECLARED_SELECTOR = YES;
				GCC_WARN_UNINITIALIZED_AUTOS = YES_AGGRESSIVE;
				GCC_WARN_UNUSED_FUNCTION = YES;
				GCC_WARN_UNUSED_VARIABLE = YES;
				IPHONEOS_DEPLOYMENT_TARGET = 10.3;
				MTL_ENABLE_DEBUG_INFO = YES;
				ONLY_ACTIVE_ARCH = YES;
				SDKROOT = iphoneos;
			};
			name = Debug;
		};
		33723B581F3D7C240002D775 /* Release */ = {
			isa = XCBuildConfiguration;
			buildSettings = {
				ALWAYS_SEARCH_USER_PATHS = NO;
				CLANG_ANALYZER_NONNULL = YES;
				CLANG_ANALYZER_NUMBER_OBJECT_CONVERSION = YES_AGGRESSIVE;
				CLANG_CXX_LANGUAGE_STANDARD = "gnu++0x";
				CLANG_CXX_LIBRARY = "libc++";
				CLANG_ENABLE_MODULES = YES;
				CLANG_ENABLE_OBJC_ARC = YES;
				CLANG_WARN_BOOL_CONVERSION = YES;
				CLANG_WARN_CONSTANT_CONVERSION = YES;
				CLANG_WARN_DIRECT_OBJC_ISA_USAGE = YES_ERROR;
				CLANG_WARN_DOCUMENTATION_COMMENTS = YES;
				CLANG_WARN_EMPTY_BODY = YES;
				CLANG_WARN_ENUM_CONVERSION = YES;
				CLANG_WARN_INFINITE_RECURSION = YES;
				CLANG_WARN_INT_CONVERSION = YES;
				CLANG_WARN_OBJC_ROOT_CLASS = YES_ERROR;
				CLANG_WARN_SUSPICIOUS_MOVE = YES;
				CLANG_WARN_UNREACHABLE_CODE = YES;
				CLANG_WARN__DUPLICATE_METHOD_MATCH = YES;
				"CODE_SIGN_IDENTITY[sdk=iphoneos*]" = "iPhone Developer";
				COPY_PHASE_STRIP = NO;
				DEBUG_INFORMATION_FORMAT = "dwarf-with-dsym";
				ENABLE_NS_ASSERTIONS = NO;
				ENABLE_STRICT_OBJC_MSGSEND = YES;
				GCC_C_LANGUAGE_STANDARD = gnu99;
				GCC_NO_COMMON_BLOCKS = YES;
				GCC_WARN_64_TO_32_BIT_CONVERSION = YES;
				GCC_WARN_ABOUT_RETURN_TYPE = YES_ERROR;
				GCC_WARN_UNDECLARED_SELECTOR = YES;
				GCC_WARN_UNINITIALIZED_AUTOS = YES_AGGRESSIVE;
				GCC_WARN_UNUSED_FUNCTION = YES;
				GCC_WARN_UNUSED_VARIABLE = YES;
				IPHONEOS_DEPLOYMENT_TARGET = 10.3;
				MTL_ENABLE_DEBUG_INFO = NO;
				SDKROOT = iphoneos;
				VALIDATE_PRODUCT = YES;
			};
			name = Release;
		};
		33723B5A1F3D7C240002D775 /* Debug */ = {
			isa = XCBuildConfiguration;
			buildSettings = {
				ASSETCATALOG_COMPILER_APPICON_NAME = AppIcon;
				DEVELOPMENT_TEAM = J897ARK84J;
				INFOPLIST_FILE = Heading/Info.plist;
				IPHONEOS_DEPLOYMENT_TARGET = 8.0;
				LD_RUNPATH_SEARCH_PATHS = "$(inherited) @executable_path/Frameworks";
				PRODUCT_BUNDLE_IDENTIFIER = com.yike.Heading;
				PRODUCT_NAME = "$(TARGET_NAME)";
			};
			name = Debug;
		};
		33723B5B1F3D7C240002D775 /* Release */ = {
			isa = XCBuildConfiguration;
			buildSettings = {
				ASSETCATALOG_COMPILER_APPICON_NAME = AppIcon;
				DEVELOPMENT_TEAM = J897ARK84J;
				INFOPLIST_FILE = Heading/Info.plist;
				IPHONEOS_DEPLOYMENT_TARGET = 8.0;
				LD_RUNPATH_SEARCH_PATHS = "$(inherited) @executable_path/Frameworks";
				PRODUCT_BUNDLE_IDENTIFIER = com.yike.Heading;
				PRODUCT_NAME = "$(TARGET_NAME)";
			};
			name = Release;
		};
		33723B5D1F3D7C240002D775 /* Debug */ = {
			isa = XCBuildConfiguration;
			buildSettings = {
				BUNDLE_LOADER = "$(TEST_HOST)";
				INFOPLIST_FILE = HeadingTests/Info.plist;
				LD_RUNPATH_SEARCH_PATHS = "$(inherited) @executable_path/Frameworks @loader_path/Frameworks";
				PRODUCT_BUNDLE_IDENTIFIER = com.yike.HeadingTests;
				PRODUCT_NAME = "$(TARGET_NAME)";
				TEST_HOST = "$(BUILT_PRODUCTS_DIR)/Heading.app/Heading";
			};
			name = Debug;
		};
		33723B5E1F3D7C240002D775 /* Release */ = {
			isa = XCBuildConfiguration;
			buildSettings = {
				BUNDLE_LOADER = "$(TEST_HOST)";
				INFOPLIST_FILE = HeadingTests/Info.plist;
				LD_RUNPATH_SEARCH_PATHS = "$(inherited) @executable_path/Frameworks @loader_path/Frameworks";
				PRODUCT_BUNDLE_IDENTIFIER = com.yike.HeadingTests;
				PRODUCT_NAME = "$(TARGET_NAME)";
				TEST_HOST = "$(BUILT_PRODUCTS_DIR)/Heading.app/Heading";
			};
			name = Release;
		};
		33723B601F3D7C240002D775 /* Debug */ = {
			isa = XCBuildConfiguration;
			buildSettings = {
				INFOPLIST_FILE = HeadingUITests/Info.plist;
				LD_RUNPATH_SEARCH_PATHS = "$(inherited) @executable_path/Frameworks @loader_path/Frameworks";
				PRODUCT_BUNDLE_IDENTIFIER = com.yike.HeadingUITests;
				PRODUCT_NAME = "$(TARGET_NAME)";
				TEST_TARGET_NAME = Heading;
			};
			name = Debug;
		};
		33723B611F3D7C240002D775 /* Release */ = {
			isa = XCBuildConfiguration;
			buildSettings = {
				INFOPLIST_FILE = HeadingUITests/Info.plist;
				LD_RUNPATH_SEARCH_PATHS = "$(inherited) @executable_path/Frameworks @loader_path/Frameworks";
				PRODUCT_BUNDLE_IDENTIFIER = com.yike.HeadingUITests;
				PRODUCT_NAME = "$(TARGET_NAME)";
				TEST_TARGET_NAME = Heading;
			};
			name = Release;
		};
/* End XCBuildConfiguration section */

/* Begin XCConfigurationList section */
		33723B271F3D7C230002D775 /* Build configuration list for PBXProject "Heading" */ = {
			isa = XCConfigurationList;
			buildConfigurations = (
				33723B571F3D7C240002D775 /* Debug */,
				33723B581F3D7C240002D775 /* Release */,
			);
			defaultConfigurationIsVisible = 0;
			defaultConfigurationName = Release;
		};
		33723B591F3D7C240002D775 /* Build configuration list for PBXNativeTarget "Heading" */ = {
			isa = XCConfigurationList;
			buildConfigurations = (
				33723B5A1F3D7C240002D775 /* Debug */,
				33723B5B1F3D7C240002D775 /* Release */,
			);
			defaultConfigurationIsVisible = 0;
			defaultConfigurationName = Release;
		};
		33723B5C1F3D7C240002D775 /* Build configuration list for PBXNativeTarget "HeadingTests" */ = {
			isa = XCConfigurationList;
			buildConfigurations = (
				33723B5D1F3D7C240002D775 /* Debug */,
				33723B5E1F3D7C240002D775 /* Release */,
			);
			defaultConfigurationIsVisible = 0;
			defaultConfigurationName = Release;
		};
		33723B5F1F3D7C240002D775 /* Build configuration list for PBXNativeTarget "HeadingUITests" */ = {
			isa = XCConfigurationList;
			buildConfigurations = (
				33723B601F3D7C240002D775 /* Debug */,
				33723B611F3D7C240002D775 /* Release */,
			);
			defaultConfigurationIsVisible = 0;
			defaultConfigurationName = Release;
		};
/* End XCConfigurationList section */
	};
	rootObject = 33723B241F3D7C230002D775 /* Project object */;
}
